lockfile_version: '1'
generated_at: '2026-07-08T02:51:37.719380+00:00'
dependencies: []
mcp_servers:
- brave-search
- chrome-devtools
- claude-context
- context7
- github-mcp-server
- lean-ctx
- milvus
- ollama
- package-search
- searxng
mcp_configs:
  brave-search:
    name: brave-search
    transport: stdio
    env:
      BRAVE_API_KEY: ${BRAVE_API_KEY}
    args:
    - -y
    - '@anthropic/brave-search-mcp'
    registry: false
    command: npx
  chrome-devtools:
    name: chrome-devtools
    transport: stdio
    args:
    - -y
    - '@anthropic/chrome-devtools-mcp'
    registry: false
    command: npx
  claude-context:
    name: claude-context
    transport: stdio
    env:
      EMBEDDING_PROVIDER: Ollama
      EMBEDDING_MODEL: nomic-embed-text
      OLLAMA_HOST: http://localhost:11434
      EMBEDDING_DIMENSION: '768'
      MILVUS_ADDRESS: http://localhost:19530
      MILVUS_TOKEN: root:Milvus
    args:
    - -y
    - '@zilliz/claude-context-mcp@latest'
    registry: false
    command: npx
  context7:
    name: context7
    transport: stdio
    args:
    - -y
    - '@upstash/context7-mcp'
    registry: false
    command: npx
  github-mcp-server:
    name: github-mcp-server
    transport: stdio
    env:
      GITHUB_TOKEN: ${GITHUB_TOKEN}
    args:
    - -y
    - '@anthropic/github-mcp-server'
    registry: false
    command: npx
  lean-ctx:
    name: lean-ctx
    transport: stdio
    args:
    - -y
    - lean-ctx-mcp
    registry: false
    command: npx
  milvus:
    name: milvus
    transport: http
    registry: false
    url: http://localhost:19530
  ollama:
    name: ollama
    transport: http
    registry: false
    url: http://localhost:11434
  package-search:
    name: package-search
    transport: stdio
    args:
    - -y
    - package-search-mcp
    registry: false
    command: npx
  searxng:
    name: searxng
    transport: http
    registry: false
    url: http://localhost:8080
local_deployed_files:
- .agents/skills/blog-post-pipeline
- .agents/skills/blog-post-pipeline/SKILL.md
- .agents/skills/content-voice-enforcement
- .agents/skills/content-voice-enforcement/SKILL.md
- .agents/skills/cover-image-generation
- .agents/skills/cover-image-generation/SKILL.md
- .agents/skills/css-bem-migration
- .agents/skills/css-bem-migration/SKILL.md
- .agents/skills/visual-regression-testing
- .agents/skills/visual-regression-testing/SKILL.md
- .claude/agents/analyst.md
- .claude/agents/coder.md
- .claude/agents/content-marketer.md
- .claude/agents/planner.md
- .claude/agents/qa-browser-tester.md
- .claude/agents/researcher.md
- .claude/agents/reviewer.md
- .claude/agents/ruby-coder.md
- .claude/agents/ruby-reviewer.md
- .claude/agents/screenshot-guardian.md
- .claude/agents/tester.md
- .claude/agents/tutorial-engineer.md
- .claude/agents/ui-problem-diagnosis.md
- .claude/agents/ux-browser-validator.md
- .claude/commands/blog-pipeline.md
- .claude/commands/cover-image.md
- .claude/commands/research.md
- .claude/rules/css-consolidation.md
- .claude/rules/icp-target.md
- .claude/rules/project-rules.md
- .claude/rules/tdd-enforcement.md
- .claude/rules/voice-guide.md
- .claude/skills/blog-post-pipeline
- .claude/skills/blog-post-pipeline/SKILL.md
- .claude/skills/content-voice-enforcement
- .claude/skills/content-voice-enforcement/SKILL.md
- .claude/skills/cover-image-generation
- .claude/skills/cover-image-generation/SKILL.md
- .claude/skills/css-bem-migration
- .claude/skills/css-bem-migration/SKILL.md
- .claude/skills/visual-regression-testing
- .claude/skills/visual-regression-testing/SKILL.md
- .codex/agents/analyst.toml
- .codex/agents/build-monitor.toml
- .codex/agents/coder.toml
- .codex/agents/content-creator.toml
- .codex/agents/content-marketer.toml
- .codex/agents/hugo-expert.toml
- .codex/agents/planner.toml
- .codex/agents/qa-browser-tester.toml
- .codex/agents/researcher.toml
- .codex/agents/reviewer.toml
- .codex/agents/ruby-coder.toml
- .codex/agents/ruby-reviewer.toml
- .codex/agents/screenshot-guardian.toml
- .codex/agents/seo-specialist.toml
- .codex/agents/tester.toml
- .codex/agents/tutorial-engineer.toml
- .codex/agents/ui-problem-diagnosis.toml
- .codex/agents/ux-browser-validator.toml
- .cursor/agents/analyst.md
- .cursor/agents/build-monitor.md
- .cursor/agents/coder.md
- .cursor/agents/content-creator.md
- .cursor/agents/content-marketer.md
- .cursor/agents/hugo-expert.md
- .cursor/agents/planner.md
- .cursor/agents/qa-browser-tester.md
- .cursor/agents/researcher.md
- .cursor/agents/reviewer.md
- .cursor/agents/ruby-coder.md
- .cursor/agents/ruby-reviewer.md
- .cursor/agents/screenshot-guardian.md
- .cursor/agents/seo-specialist.md
- .cursor/agents/tester.md
- .cursor/agents/tutorial-engineer.md
- .cursor/agents/ui-problem-diagnosis.md
- .cursor/agents/ux-browser-validator.md
- .cursor/commands/blog-pipeline.md
- .cursor/commands/cover-image.md
- .cursor/commands/research.md
- .cursor/rules/css-consolidation.mdc
- .cursor/rules/icp-target.mdc
- .cursor/rules/project-rules.mdc
- .cursor/rules/tdd-enforcement.mdc
- .cursor/rules/voice-guide.mdc
- .gemini/commands/blog-pipeline.toml
- .gemini/commands/cover-image.toml
- .gemini/commands/research.toml
- .github/agents/analyst.agent.md
- .github/agents/build-monitor.agent.md
- .github/agents/coder.agent.md
- .github/agents/content-creator.agent.md
- .github/agents/content-marketer.agent.md
- .github/agents/hugo-expert.agent.md
- .github/agents/planner.agent.md
- .github/agents/qa-browser-tester.agent.md
- .github/agents/researcher.agent.md
- .github/agents/reviewer.agent.md
- .github/agents/ruby-coder.agent.md
- .github/agents/ruby-reviewer.agent.md
- .github/agents/screenshot-guardian.agent.md
- .github/agents/seo-specialist.agent.md
- .github/agents/tester.agent.md
- .github/agents/tutorial-engineer.agent.md
- .github/agents/ui-problem-diagnosis.agent.md
- .github/agents/ux-browser-validator.agent.md
- .github/instructions/css-consolidation.instructions.md
- .github/instructions/icp-target.instructions.md
- .github/instructions/project-rules.instructions.md
- .github/instructions/tdd-enforcement.instructions.md
- .github/instructions/voice-guide.instructions.md
- .github/prompts/blog-pipeline.prompt.md
- .github/prompts/cover-image.prompt.md
- .github/prompts/research.prompt.md
- .kiro/skills/blog-post-pipeline
- .kiro/skills/blog-post-pipeline/SKILL.md
- .kiro/skills/content-voice-enforcement
- .kiro/skills/content-voice-enforcement/SKILL.md
- .kiro/skills/cover-image-generation
- .kiro/skills/cover-image-generation/SKILL.md
- .kiro/skills/css-bem-migration
- .kiro/skills/css-bem-migration/SKILL.md
- .kiro/skills/visual-regression-testing
- .kiro/skills/visual-regression-testing/SKILL.md
- .kiro/steering/css-consolidation.md
- .kiro/steering/icp-target.md
- .kiro/steering/project-rules.md
- .kiro/steering/tdd-enforcement.md
- .kiro/steering/voice-guide.md
- .opencode/agents/analyst.md
- .opencode/agents/build-monitor.md
- .opencode/agents/coder.md
- .opencode/agents/content-creator.md
- .opencode/agents/content-marketer.md
- .opencode/agents/hugo-expert.md
- .opencode/agents/planner.md
- .opencode/agents/qa-browser-tester.md
- .opencode/agents/researcher.md
- .opencode/agents/reviewer.md
- .opencode/agents/ruby-coder.md
- .opencode/agents/ruby-reviewer.md
- .opencode/agents/screenshot-guardian.md
- .opencode/agents/seo-specialist.md
- .opencode/agents/tester.md
- .opencode/agents/tutorial-engineer.md
- .opencode/agents/ui-problem-diagnosis.md
- .opencode/agents/ux-browser-validator.md
- .opencode/commands/blog-pipeline.md
- .opencode/commands/cover-image.md
- .opencode/commands/research.md
- .windsurf/rules/css-consolidation.md
- .windsurf/rules/icp-target.md
- .windsurf/rules/project-rules.md
- .windsurf/rules/tdd-enforcement.md
- .windsurf/rules/voice-guide.md
- .windsurf/workflows/blog-pipeline.md
- .windsurf/workflows/cover-image.md
- .windsurf/workflows/research.md
local_deployed_file_hashes:
  .agents/skills/blog-post-pipeline/SKILL.md: sha256:f169ad41677c3e50d367f8edbd3b765d8f853dd967a70201e85e79ffe4b31356
  .agents/skills/content-voice-enforcement/SKILL.md: sha256:0005acf787979ed0935833437e5225fc893a4c8ee5b206e19f81df0ebafb56f6
  .agents/skills/cover-image-generation/SKILL.md: sha256:1b386045354b231a9575d682e9539e4244362ba686877f49985f1914002a1314
  .agents/skills/css-bem-migration/SKILL.md: sha256:cfd51b99fefc745d40c5fa4cb7ea1755cea6b5d1f9ee4ea819c0cfd78f9fb85c
  .agents/skills/visual-regression-testing/SKILL.md: sha256:952575d548ed20abce7e08f79bec4ba53a4c72987de0b507520069d332f8e10b
  .claude/agents/analyst.md: sha256:fd6b3b5c78aec9a2521e6e39f4256598e9aa0d01dedcbb2357a44cf5d4caf3e6
  .claude/agents/coder.md: sha256:60533575db22019d7a1a513e6efe854c5b59d1859f146d38132b123ffbb4aa17
  .claude/agents/content-marketer.md: sha256:1cd7ee611816579e75a1c6c2ea8ce9a20a4712010da5b59848913a08b4d43ffe
  .claude/agents/planner.md: sha256:7dd9e396043bdd52989698f25e47c9cd1dc75b901677388ab062ff3237737706
  .claude/agents/qa-browser-tester.md: sha256:e57d5a6c920672206872cec0617e797b4059b13d87719a5364e08a95b5b8b9c6
  .claude/agents/researcher.md: sha256:dfdfb57af650e20a1a173ba1a769d727fe4afd9e89ed3bd4b19cd4e290c3f79a
  .claude/agents/reviewer.md: sha256:bdc276926bf77265af49698249ad677c7db7e7089b74ebc0e8fd72977d4383a2
  .claude/agents/ruby-coder.md: sha256:5b1f7bcbd1e12b194268d24889420654941008d1c58bca33bd350bab95a251f6
  .claude/agents/ruby-reviewer.md: sha256:b2b17e1726394e1891c25be639380b60549b337e9fd10dee77f0ae13f5b562de
  .claude/agents/screenshot-guardian.md: sha256:edf9e8326306713be1095c0c3625af16b81cedb47bdf6c741e87e813a6dba723
  .claude/agents/tester.md: sha256:7d59c5295ea98f66219f7aa7b4b861d4a3b104a3978f60cb36331426b34924ce
  .claude/agents/tutorial-engineer.md: sha256:7dc7cbd1422abc2398e0982637ed770f4837048bd58a872ac8123257056b939b
  .claude/agents/ui-problem-diagnosis.md: sha256:08910a672753738c73de4ea7b6635ea8966e2e8fecb0835c894f37c12f67903b
  .claude/agents/ux-browser-validator.md: sha256:9d311911585106b65f15a7aae0dda2e82388b785d3e13608d356cb93fdea0ffe
  .claude/commands/blog-pipeline.md: sha256:2d19b9a9fafcfd0ba1be79ec2ce2003c6e5230a8353e140516e4c74c05f8d53f
  .claude/commands/cover-image.md: sha256:aa2235f48abfe6c6c61c43f8c133a0bee2176892622028b2ce1baaa04ab48ba4
  .claude/commands/research.md: sha256:ebf8a17af5b5f66661fa827d534380c72327d3d57ebcd684e7690fe7e4afe73f
  .claude/rules/css-consolidation.md: sha256:7664778a092d6aae023bf9630b444355074d225de6c2fa963c72a5102e5d523b
  .claude/rules/icp-target.md: sha256:bc9afaac38691997e0632a78f7936473899ce16a2d959048a91e9ddd3fb5f5d0
  .claude/rules/project-rules.md: sha256:26cdb09fdcf39ee9cc2317dd715f837bc21c6f64f38b2c19289ad000da0868c4
  .claude/rules/tdd-enforcement.md: sha256:bf9eae071c503890569a36dada8efa53a9adeec7bf8ec95194908f6ba58707c6
  .claude/rules/voice-guide.md: sha256:3dcf04d4b81bfd441795841e75c7d0b1b3dfd0c2e6ddebf8e8e680563c2954a9
  .claude/skills/blog-post-pipeline/SKILL.md: sha256:f169ad41677c3e50d367f8edbd3b765d8f853dd967a70201e85e79ffe4b31356
  .claude/skills/content-voice-enforcement/SKILL.md: sha256:0005acf787979ed0935833437e5225fc893a4c8ee5b206e19f81df0ebafb56f6
  .claude/skills/cover-image-generation/SKILL.md: sha256:1b386045354b231a9575d682e9539e4244362ba686877f49985f1914002a1314
  .claude/skills/css-bem-migration/SKILL.md: sha256:cfd51b99fefc745d40c5fa4cb7ea1755cea6b5d1f9ee4ea819c0cfd78f9fb85c
  .claude/skills/visual-regression-testing/SKILL.md: sha256:952575d548ed20abce7e08f79bec4ba53a4c72987de0b507520069d332f8e10b
  .codex/agents/analyst.toml: sha256:70faf83cc0b57308c3a9a3c79302a9096beee6d2db2f323777b84854d2dbbf05
  .codex/agents/build-monitor.toml: sha256:e7021093abb12c1f3b1ac14be07f1addf8b681f42f6360c2c4cdb7f4180f5094
  .codex/agents/coder.toml: sha256:a2f7e4444d0076895f57b43f1ab67d100ed00e426df2a89ddc5b60ce8fac7112
  .codex/agents/content-creator.toml: sha256:a97e66aa5a901ebbef0065907a6bc100a512c52d21a9f6a16c561afe7f44b95c
  .codex/agents/content-marketer.toml: sha256:2dd949cc86ee343993cbcca1988ee39ed1a7e58c452cfbab74928a7079c45848
  .codex/agents/hugo-expert.toml: sha256:a2f3439af2851fbc01d5bbccc93b6977364fc44bb036b509b666373dd8240de1
  .codex/agents/planner.toml: sha256:209afbc2422f29ab6d3fd2ebc2223ca6d527031c90d38a7f553387956a9026d4
  .codex/agents/qa-browser-tester.toml: sha256:2b1dd26a13533bf447b32c78fa5c1a6a97e5c37b2bdbee148b0d16cdaeb65d11
  .codex/agents/researcher.toml: sha256:bb69369bb32594d07c22f6a9e37988a6d6901843897cad9582837de8bce03865
  .codex/agents/reviewer.toml: sha256:06759aee4c750db655fb32e6244d28ddc1ab0d43f788ba8fd5e50b01e21e618b
  .codex/agents/ruby-coder.toml: sha256:a92df95c26135d9fcddf22b078ea542f5827b372d1b812c358e66030a4eda9f9
  .codex/agents/ruby-reviewer.toml: sha256:36141dda08de3a4d95f005aefd099033b82757577a0c2bd1a9b3e95e5529f363
  .codex/agents/screenshot-guardian.toml: sha256:07e01540221422d24a6cbce3bf6106c5785486007d5e5c5514ea676fc9c37da0
  .codex/agents/seo-specialist.toml: sha256:f1200560cb238197e240a751f653f7c2f3c9b06e2f3937302d30be7bd8eb276a
  .codex/agents/tester.toml: sha256:bf2306734665b4df060d36ac148cfa92e5f3511a8826cb24fe1da4e9d27daa1d
  .codex/agents/tutorial-engineer.toml: sha256:8fb0a9eb7479ae1f61dff8479633c1fa5a0e6c6c21a3fc198be18e83ce465c7f
  .codex/agents/ui-problem-diagnosis.toml: sha256:49cdc2fd50eced91a0699db6608e8071ce2620ddb65408eb2d6d3e970abde27c
  .codex/agents/ux-browser-validator.toml: sha256:83564d3fa2c23ce43a421182e0fe175a9b1d91330619ccda57054fa83aeaaeb2
  .cursor/agents/analyst.md: sha256:fd6b3b5c78aec9a2521e6e39f4256598e9aa0d01dedcbb2357a44cf5d4caf3e6
  .cursor/agents/build-monitor.md: sha256:ec44db48151179313850daae620f1ef503b385466355a7c336fd21e8774efcbe
  .cursor/agents/coder.md: sha256:60533575db22019d7a1a513e6efe854c5b59d1859f146d38132b123ffbb4aa17
  .cursor/agents/content-creator.md: sha256:0fdda3cdc0dab7f4bc5c574a709c7e9374f6cc7b3ba1dcb072954390e33c8722
  .cursor/agents/content-marketer.md: sha256:1cd7ee611816579e75a1c6c2ea8ce9a20a4712010da5b59848913a08b4d43ffe
  .cursor/agents/hugo-expert.md: sha256:3460dd0cf80548d9a423cac015e2e3ecee2829a2e9d9773da5bbf465b1491162
  .cursor/agents/planner.md: sha256:7dd9e396043bdd52989698f25e47c9cd1dc75b901677388ab062ff3237737706
  .cursor/agents/qa-browser-tester.md: sha256:e57d5a6c920672206872cec0617e797b4059b13d87719a5364e08a95b5b8b9c6
  .cursor/agents/researcher.md: sha256:dfdfb57af650e20a1a173ba1a769d727fe4afd9e89ed3bd4b19cd4e290c3f79a
  .cursor/agents/reviewer.md: sha256:bdc276926bf77265af49698249ad677c7db7e7089b74ebc0e8fd72977d4383a2
  .cursor/agents/ruby-coder.md: sha256:5b1f7bcbd1e12b194268d24889420654941008d1c58bca33bd350bab95a251f6
  .cursor/agents/ruby-reviewer.md: sha256:b2b17e1726394e1891c25be639380b60549b337e9fd10dee77f0ae13f5b562de
  .cursor/agents/screenshot-guardian.md: sha256:edf9e8326306713be1095c0c3625af16b81cedb47bdf6c741e87e813a6dba723
  .cursor/agents/seo-specialist.md: sha256:2d9976d55381dae4fa25b0099eb5a2c1aa1ca863407a32e11a464c543bf7a649
  .cursor/agents/tester.md: sha256:7d59c5295ea98f66219f7aa7b4b861d4a3b104a3978f60cb36331426b34924ce
  .cursor/agents/tutorial-engineer.md: sha256:7dc7cbd1422abc2398e0982637ed770f4837048bd58a872ac8123257056b939b
  .cursor/agents/ui-problem-diagnosis.md: sha256:08910a672753738c73de4ea7b6635ea8966e2e8fecb0835c894f37c12f67903b
  .cursor/agents/ux-browser-validator.md: sha256:9d311911585106b65f15a7aae0dda2e82388b785d3e13608d356cb93fdea0ffe
  .cursor/commands/blog-pipeline.md: sha256:2d19b9a9fafcfd0ba1be79ec2ce2003c6e5230a8353e140516e4c74c05f8d53f
  .cursor/commands/cover-image.md: sha256:aa2235f48abfe6c6c61c43f8c133a0bee2176892622028b2ce1baaa04ab48ba4
  .cursor/commands/research.md: sha256:ebf8a17af5b5f66661fa827d534380c72327d3d57ebcd684e7690fe7e4afe73f
  .cursor/rules/css-consolidation.mdc: sha256:54c0515b4056c624929420108a99a854ae9aac7a5bcc3d8ce33bb2cc2254729b
  .cursor/rules/icp-target.mdc: sha256:d374638f65f105e0432d862a194092c42351b2da040e9e22187203ebccc99dcc
  .cursor/rules/project-rules.mdc: sha256:904d478370120c6001aa8b9d7d26c0d0854708aff7cdf073d10ab41ba0338ef9
  .cursor/rules/tdd-enforcement.mdc: sha256:6fc26c5fbfb1e62962fdefae8e5d0436708b08a2e7c9d1e06e626a8e7da4d405
  .cursor/rules/voice-guide.mdc: sha256:23df966ec8094c029016120806ca45ddcbc498eee843adb5647be0eacac51187
  .gemini/commands/blog-pipeline.toml: sha256:9c222fd62bfeac3e28c2759198faf41c6e6bb092daa21625767a4ba22a33cf2f
  .gemini/commands/cover-image.toml: sha256:e76ee8cafc142c51d38060f3b2d2d18dd782328d5cb9bff9166cffdbaf0d620e
  .gemini/commands/research.toml: sha256:f552a11bd5825cca6ec95c3bfc211e2d3831e5386a60f2c94e8dd725d933f5a5
  .github/agents/analyst.agent.md: sha256:fd6b3b5c78aec9a2521e6e39f4256598e9aa0d01dedcbb2357a44cf5d4caf3e6
  .github/agents/build-monitor.agent.md: sha256:ec44db48151179313850daae620f1ef503b385466355a7c336fd21e8774efcbe
  .github/agents/coder.agent.md: sha256:60533575db22019d7a1a513e6efe854c5b59d1859f146d38132b123ffbb4aa17
  .github/agents/content-creator.agent.md: sha256:0fdda3cdc0dab7f4bc5c574a709c7e9374f6cc7b3ba1dcb072954390e33c8722
  .github/agents/content-marketer.agent.md: sha256:1cd7ee611816579e75a1c6c2ea8ce9a20a4712010da5b59848913a08b4d43ffe
  .github/agents/hugo-expert.agent.md: sha256:3460dd0cf80548d9a423cac015e2e3ecee2829a2e9d9773da5bbf465b1491162
  .github/agents/planner.agent.md: sha256:7dd9e396043bdd52989698f25e47c9cd1dc75b901677388ab062ff3237737706
  .github/agents/qa-browser-tester.agent.md: sha256:e57d5a6c920672206872cec0617e797b4059b13d87719a5364e08a95b5b8b9c6
  .github/agents/researcher.agent.md: sha256:dfdfb57af650e20a1a173ba1a769d727fe4afd9e89ed3bd4b19cd4e290c3f79a
  .github/agents/reviewer.agent.md: sha256:bdc276926bf77265af49698249ad677c7db7e7089b74ebc0e8fd72977d4383a2
  .github/agents/ruby-coder.agent.md: sha256:5b1f7bcbd1e12b194268d24889420654941008d1c58bca33bd350bab95a251f6
  .github/agents/ruby-reviewer.agent.md: sha256:b2b17e1726394e1891c25be639380b60549b337e9fd10dee77f0ae13f5b562de
  .github/agents/screenshot-guardian.agent.md: sha256:edf9e8326306713be1095c0c3625af16b81cedb47bdf6c741e87e813a6dba723
  .github/agents/seo-specialist.agent.md: sha256:2d9976d55381dae4fa25b0099eb5a2c1aa1ca863407a32e11a464c543bf7a649
  .github/agents/tester.agent.md: sha256:7d59c5295ea98f66219f7aa7b4b861d4a3b104a3978f60cb36331426b34924ce
  .github/agents/tutorial-engineer.agent.md: sha256:7dc7cbd1422abc2398e0982637ed770f4837048bd58a872ac8123257056b939b
  .github/agents/ui-problem-diagnosis.agent.md: sha256:08910a672753738c73de4ea7b6635ea8966e2e8fecb0835c894f37c12f67903b
  .github/agents/ux-browser-validator.agent.md: sha256:9d311911585106b65f15a7aae0dda2e82388b785d3e13608d356cb93fdea0ffe
  .github/instructions/css-consolidation.instructions.md: sha256:7664778a092d6aae023bf9630b444355074d225de6c2fa963c72a5102e5d523b
  .github/instructions/icp-target.instructions.md: sha256:bc9afaac38691997e0632a78f7936473899ce16a2d959048a91e9ddd3fb5f5d0
  .github/instructions/project-rules.instructions.md: sha256:26cdb09fdcf39ee9cc2317dd715f837bc21c6f64f38b2c19289ad000da0868c4
  .github/instructions/tdd-enforcement.instructions.md: sha256:bf9eae071c503890569a36dada8efa53a9adeec7bf8ec95194908f6ba58707c6
  .github/instructions/voice-guide.instructions.md: sha256:3dcf04d4b81bfd441795841e75c7d0b1b3dfd0c2e6ddebf8e8e680563c2954a9
  .github/prompts/blog-pipeline.prompt.md: sha256:f960e4824d90ebf06b5395bbf5a964c47a5edc3b207e0f43a78d5f4dfd38ec5e
  .github/prompts/cover-image.prompt.md: sha256:20ccbc871c4028307cca49b1d8e7521ada2c9b7489be56fbeb66aabdd66ad857
  .github/prompts/research.prompt.md: sha256:19878f66c1a89e38cba9c9078248d9ec08fda0001eaaae992d0a42ca81cb62e9
  .kiro/skills/blog-post-pipeline/SKILL.md: sha256:f169ad41677c3e50d367f8edbd3b765d8f853dd967a70201e85e79ffe4b31356
  .kiro/skills/content-voice-enforcement/SKILL.md: sha256:0005acf787979ed0935833437e5225fc893a4c8ee5b206e19f81df0ebafb56f6
  .kiro/skills/cover-image-generation/SKILL.md: sha256:1b386045354b231a9575d682e9539e4244362ba686877f49985f1914002a1314
  .kiro/skills/css-bem-migration/SKILL.md: sha256:cfd51b99fefc745d40c5fa4cb7ea1755cea6b5d1f9ee4ea819c0cfd78f9fb85c
  .kiro/skills/visual-regression-testing/SKILL.md: sha256:952575d548ed20abce7e08f79bec4ba53a4c72987de0b507520069d332f8e10b
  .kiro/steering/css-consolidation.md: sha256:8f622fae6291d1ce4c906a170a1f0a5f9cc03263ea08130aaf4e414662345388
  .kiro/steering/icp-target.md: sha256:772ef808ed9112588aabf3d51c2ff1bcc2b19555491a611d60ce0d3981e4fd44
  .kiro/steering/project-rules.md: sha256:df049b1e0e4f976ad1ca11586164c237f90dfa79c4178fd1f00ddf3cabd1ebf2
  .kiro/steering/tdd-enforcement.md: sha256:1c6267029066dbaa4a96f2c7a8cdcff976806238aef5c8ad281446a4d2b3f4b2
  .kiro/steering/voice-guide.md: sha256:f17939a682fc28734fa3992e8f10576c73c3074eebf7a094d615ae0954b5c335
  .opencode/agents/analyst.md: sha256:fd6b3b5c78aec9a2521e6e39f4256598e9aa0d01dedcbb2357a44cf5d4caf3e6
  .opencode/agents/build-monitor.md: sha256:ec44db48151179313850daae620f1ef503b385466355a7c336fd21e8774efcbe
  .opencode/agents/coder.md: sha256:60533575db22019d7a1a513e6efe854c5b59d1859f146d38132b123ffbb4aa17
  .opencode/agents/content-creator.md: sha256:0fdda3cdc0dab7f4bc5c574a709c7e9374f6cc7b3ba1dcb072954390e33c8722
  .opencode/agents/content-marketer.md: sha256:1cd7ee611816579e75a1c6c2ea8ce9a20a4712010da5b59848913a08b4d43ffe
  .opencode/agents/hugo-expert.md: sha256:3460dd0cf80548d9a423cac015e2e3ecee2829a2e9d9773da5bbf465b1491162
  .opencode/agents/planner.md: sha256:7dd9e396043bdd52989698f25e47c9cd1dc75b901677388ab062ff3237737706
  .opencode/agents/qa-browser-tester.md: sha256:e57d5a6c920672206872cec0617e797b4059b13d87719a5364e08a95b5b8b9c6
  .opencode/agents/researcher.md: sha256:dfdfb57af650e20a1a173ba1a769d727fe4afd9e89ed3bd4b19cd4e290c3f79a
  .opencode/agents/reviewer.md: sha256:bdc276926bf77265af49698249ad677c7db7e7089b74ebc0e8fd72977d4383a2
  .opencode/agents/ruby-coder.md: sha256:5b1f7bcbd1e12b194268d24889420654941008d1c58bca33bd350bab95a251f6
  .opencode/agents/ruby-reviewer.md: sha256:b2b17e1726394e1891c25be639380b60549b337e9fd10dee77f0ae13f5b562de
  .opencode/agents/screenshot-guardian.md: sha256:edf9e8326306713be1095c0c3625af16b81cedb47bdf6c741e87e813a6dba723
  .opencode/agents/seo-specialist.md: sha256:2d9976d55381dae4fa25b0099eb5a2c1aa1ca863407a32e11a464c543bf7a649
  .opencode/agents/tester.md: sha256:7d59c5295ea98f66219f7aa7b4b861d4a3b104a3978f60cb36331426b34924ce
  .opencode/agents/tutorial-engineer.md: sha256:7dc7cbd1422abc2398e0982637ed770f4837048bd58a872ac8123257056b939b
  .opencode/agents/ui-problem-diagnosis.md: sha256:08910a672753738c73de4ea7b6635ea8966e2e8fecb0835c894f37c12f67903b
  .opencode/agents/ux-browser-validator.md: sha256:9d311911585106b65f15a7aae0dda2e82388b785d3e13608d356cb93fdea0ffe
  .opencode/commands/blog-pipeline.md: sha256:2d19b9a9fafcfd0ba1be79ec2ce2003c6e5230a8353e140516e4c74c05f8d53f
  .opencode/commands/cover-image.md: sha256:aa2235f48abfe6c6c61c43f8c133a0bee2176892622028b2ce1baaa04ab48ba4
  .opencode/commands/research.md: sha256:ebf8a17af5b5f66661fa827d534380c72327d3d57ebcd684e7690fe7e4afe73f
  .windsurf/rules/css-consolidation.md: sha256:dd6f393a0c5e0f5d4a2f701c598b108d76a5210b91fba389cac6a9ca3c73ccc6
  .windsurf/rules/icp-target.md: sha256:0162f023b9084fb86430df3754024c5a549112d81bd33b8b3191f8722d75233f
  .windsurf/rules/project-rules.md: sha256:7a9408331ce330fe113d9b388b1f55efc3ef6ecdb270637015dd7ce9ef75ded7
  .windsurf/rules/tdd-enforcement.md: sha256:8143c2bb851b5ead6008e3a5654b50f51df10299bd57ab21911aa95317cce1e8
  .windsurf/rules/voice-guide.md: sha256:532c3202b8bfc9227e5de97b35ba0bac6f6b44fa4b9d12737e9c44754c9b90f4
  .windsurf/workflows/blog-pipeline.md: sha256:2d19b9a9fafcfd0ba1be79ec2ce2003c6e5230a8353e140516e4c74c05f8d53f
  .windsurf/workflows/cover-image.md: sha256:aa2235f48abfe6c6c61c43f8c133a0bee2176892622028b2ce1baaa04ab48ba4
  .windsurf/workflows/research.md: sha256:ebf8a17af5b5f66661fa827d534380c72327d3d57ebcd684e7690fe7e4afe73f
